// !$*UTF8*$!
{
	archiveVersion = 1;
	classes = {
	};
	objectVersion = 52;
	objects = {

/* Begin PBXBuildFile section */
		890EC36E263B5D8400F67146 /* Plains.framework in Frameworks */ = {isa = PBXBuildFile; fileRef = 890EC364263B5D8400F67146 /* Plains.framework */; };
		890EC375263B5D8400F67146 /* Plains.h in Headers */ = {isa = PBXBuildFile; fileRef = 890EC367263B5D8400F67146 /* Plains.h */; settings = {ATTRIBUTES = (Public, ); }; };
		890EC3D9263B5E1C00F67146 /* PLPackageManager.h in Headers */ = {isa = PBXBuildFile; fileRef = 890EC382263B5E1C00F67146 /* PLPackageManager.h */; };
		890EC3DA263B5E1C00F67146 /* PLSourceManager.h in Headers */ = {isa = PBXBuildFile; fileRef = 890EC383263B5E1C00F67146 /* PLSourceManager.h */; };
		890EC3DB263B5E1C00F67146 /* PLSourceManager.mm in Sources */ = {isa = PBXBuildFile; fileRef = 890EC384263B5E1C00F67146 /* PLSourceManager.mm */; };
		890EC3DC263B5E1C00F67146 /* PLPackageManager.mm in Sources */ = {isa = PBXBuildFile; fileRef = 890EC385263B5E1C00F67146 /* PLPackageManager.mm */; };
		890EC3DD263B5E1C00F67146 /* PLQueue.h in Headers */ = {isa = PBXBuildFile; fileRef = 890EC387263B5E1C00F67146 /* PLQueue.h */; };
		890EC3DE263B5E1C00F67146 /* PLQueue.mm in Sources */ = {isa = PBXBuildFile; fileRef = 890EC388263B5E1C00F67146 /* PLQueue.mm */; };
		890EC3DF263B5E1C00F67146 /* PLConfig.h in Headers */ = {isa = PBXBuildFile; fileRef = 890EC389263B5E1C00F67146 /* PLConfig.h */; };
		890EC3E0263B5E1C00F67146 /* PLConsoleDelegate.h in Headers */ = {isa = PBXBuildFile; fileRef = 890EC38B263B5E1C00F67146 /* PLConsoleDelegate.h */; };
		890EC3E1263B5E1C00F67146 /* PLSource.h in Headers */ = {isa = PBXBuildFile; fileRef = 890EC38D263B5E1C00F67146 /* PLSource.h */; };
		890EC3E2263B5E1C00F67146 /* PLPackage.h in Headers */ = {isa = PBXBuildFile; fileRef = 890EC38E263B5E1C00F67146 /* PLPackage.h */; };
		890EC3E3263B5E1C00F67146 /* PLPackage.mm in Sources */ = {isa = PBXBuildFile; fileRef = 890EC38F263B5E1C00F67146 /* PLPackage.mm */; };
		890EC3E4263B5E1C00F67146 /* PLSource.mm in Sources */ = {isa = PBXBuildFile; fileRef = 890EC390263B5E1C00F67146 /* PLSource.mm */; };
		890EC3E5263B5E1C00F67146 /* PLConfig.mm in Sources */ = {isa = PBXBuildFile; fileRef = 890EC391263B5E1C00F67146 /* PLConfig.mm */; };
		890EC3E6263B5E1C00F67146 /* progress.h in Headers */ = {isa = PBXBuildFile; fileRef = 890EC393263B5E1C00F67146 /* progress.h */; };
		890EC3E7263B5E1C00F67146 /* error.h in Headers */ = {isa = PBXBuildFile; fileRef = 890EC394263B5E1C00F67146 /* error.h */; };
		890EC3E8263B5E1C00F67146 /* packagemanager.h in Headers */ = {isa = PBXBuildFile; fileRef = 890EC395263B5E1C00F67146 /* packagemanager.h */; };
		890EC3E9263B5E1C00F67146 /* indexfile.h in Headers */ = {isa = PBXBuildFile; fileRef = 890EC396263B5E1C00F67146 /* indexfile.h */; };
		890EC3EA263B5E1C00F67146 /* dirstream.h in Headers */ = {isa = PBXBuildFile; fileRef = 890EC397263B5E1C00F67146 /* dirstream.h */; };
		890EC3EB263B5E1C00F67146 /* cacheiterators.h in Headers */ = {isa = PBXBuildFile; fileRef = 890EC398263B5E1C00F67146 /* cacheiterators.h */; };
		890EC3EC263B5E1C00F67146 /* depcache.h in Headers */ = {isa = PBXBuildFile; fileRef = 890EC399263B5E1C00F67146 /* depcache.h */; };
		890EC3ED263B5E1C00F67146 /* pkgcache.h in Headers */ = {isa = PBXBuildFile; fileRef = 890EC39A263B5E1C00F67146 /* pkgcache.h */; };
		890EC3EE263B5E1C00F67146 /* debfile.h in Headers */ = {isa = PBXBuildFile; fileRef = 890EC39B263B5E1C00F67146 /* debfile.h */; };
		890EC3EF263B5E1C00F67146 /* gpgv.h in Headers */ = {isa = PBXBuildFile; fileRef = 890EC39C263B5E1C00F67146 /* gpgv.h */; };
		890EC3F0263B5E1C00F67146 /* debversion.h in Headers */ = {isa = PBXBuildFile; fileRef = 890EC39D263B5E1C00F67146 /* debversion.h */; };
		890EC3F1263B5E1C00F67146 /* version.h in Headers */ = {isa = PBXBuildFile; fileRef = 890EC39E263B5E1C00F67146 /* version.h */; };
		890EC3F2263B5E1C00F67146 /* netrc.h in Headers */ = {isa = PBXBuildFile; fileRef = 890EC39F263B5E1C00F67146 /* netrc.h */; };
		890EC3F3263B5E1C00F67146 /* policy.h in Headers */ = {isa = PBXBuildFile; fileRef = 890EC3A0263B5E1C00F67146 /* policy.h */; };
		890EC3F4263B5E1C00F67146 /* cachefilter-patterns.h in Headers */ = {isa = PBXBuildFile; fileRef = 890EC3A1263B5E1C00F67146 /* cachefilter-patterns.h */; };
		890EC3F5263B5E1C00F67146 /* clean.h in Headers */ = {isa = PBXBuildFile; fileRef = 890EC3A2263B5E1C00F67146 /* clean.h */; };
		890EC3F6263B5E1C00F67146 /* strutl.h in Headers */ = {isa = PBXBuildFile; fileRef = 890EC3A3263B5E1C00F67146 /* strutl.h */; };
		890EC3F7263B5E1C00F67146 /* debsystem.h in Headers */ = {isa = PBXBuildFile; fileRef = 890EC3A4263B5E1C00F67146 /* debsystem.h */; };
		890EC3F8263B5E1C00F67146 /* hashes.h in Headers */ = {isa = PBXBuildFile; fileRef = 890EC3A5263B5E1C00F67146 /* hashes.h */; };
		890EC3F9263B5E1C00F67146 /* debsrcrecords.h in Headers */ = {isa = PBXBuildFile; fileRef = 890EC3A6263B5E1C00F67146 /* debsrcrecords.h */; };
		890EC3FA263B5E1C00F67146 /* upgrade.h in Headers */ = {isa = PBXBuildFile; fileRef = 890EC3A7263B5E1C00F67146 /* upgrade.h */; };
		890EC3FB263B5E1C00F67146 /* endian.h in Headers */ = {isa = PBXBuildFile; fileRef = 890EC3A8263B5E1C00F67146 /* endian.h */; };
		890EC3FC263B5E1C00F67146 /* algorithms.h in Headers */ = {isa = PBXBuildFile; fileRef = 890EC3A9263B5E1C00F67146 /* algorithms.h */; };
		890EC3FD263B5E1C00F67146 /* cmndline.h in Headers */ = {isa = PBXBuildFile; fileRef = 890EC3AA263B5E1C00F67146 /* cmndline.h */; };
		890EC3FE263B5E1C00F67146 /* pkgsystem.h in Headers */ = {isa = PBXBuildFile; fileRef = 890EC3AB263B5E1C00F67146 /* pkgsystem.h */; };
		890EC3FF263B5E1C00F67146 /* acquire-method.h in Headers */ = {isa = PBXBuildFile; fileRef = 890EC3AC263B5E1C00F67146 /* acquire-method.h */; };
		890EC400263B5E1C00F67146 /* dpkgpm.h in Headers */ = {isa = PBXBuildFile; fileRef = 890EC3AD263B5E1C00F67146 /* dpkgpm.h */; };
		890EC401263B5E1C00F67146 /* debindexfile.h in Headers */ = {isa = PBXBuildFile; fileRef = 890EC3AE263B5E1C00F67146 /* debindexfile.h */; };
		890EC402263B5E1C00F67146 /* pkgcachegen.h in Headers */ = {isa = PBXBuildFile; fileRef = 890EC3AF263B5E1C00F67146 /* pkgcachegen.h */; };
		890EC403263B5E1C00F67146 /* configuration.h in Headers */ = {isa = PBXBuildFile; fileRef = 890EC3B0263B5E1C00F67146 /* configuration.h */; };
		890EC404263B5E1C00F67146 /* cachefilter.h in Headers */ = {isa = PBXBuildFile; fileRef = 890EC3B1263B5E1C00F67146 /* cachefilter.h */; };
		890EC405263B5E1C00F67146 /* extracttar.h in Headers */ = {isa = PBXBuildFile; fileRef = 890EC3B2263B5E1C00F67146 /* extracttar.h */; };
		890EC406263B5E1C00F67146 /* acquire-worker.h in Headers */ = {isa = PBXBuildFile; fileRef = 890EC3B3263B5E1C00F67146 /* acquire-worker.h */; };
		890EC407263B5E1C00F67146 /* missing.h in Headers */ = {isa = PBXBuildFile; fileRef = 890EC3B4263B5E1C00F67146 /* missing.h */; };
		890EC408263B5E1C00F67146 /* debmetaindex.h in Headers */ = {isa = PBXBuildFile; fileRef = 890EC3B5263B5E1C00F67146 /* debmetaindex.h */; };
		890EC409263B5E1C00F67146 /* cachefile.h in Headers */ = {isa = PBXBuildFile; fileRef = 890EC3B6263B5E1C00F67146 /* cachefile.h */; };
		890EC40A263B5E1C00F67146 /* edsplistparser.h in Headers */ = {isa = PBXBuildFile; fileRef = 890EC3B7263B5E1C00F67146 /* edsplistparser.h */; };
		890EC40B263B5E1C00F67146 /* cacheset.h in Headers */ = {isa = PBXBuildFile; fileRef = 890EC3B8263B5E1C00F67146 /* cacheset.h */; };
		890EC40C263B5E1C00F67146 /* edspindexfile.h in Headers */ = {isa = PBXBuildFile; fileRef = 890EC3B9263B5E1C00F67146 /* edspindexfile.h */; };
		890EC40D263B5E1C00F67146 /* deblistparser.h in Headers */ = {isa = PBXBuildFile; fileRef = 890EC3BA263B5E1C00F67146 /* deblistparser.h */; };
		890EC40E263B5E1C00F67146 /* proxy.h in Headers */ = {isa = PBXBuildFile; fileRef = 890EC3BB263B5E1C00F67146 /* proxy.h */; };
		890EC40F263B5E1C00F67146 /* indexcopy.h in Headers */ = {isa = PBXBuildFile; fileRef = 890EC3BC263B5E1C00F67146 /* indexcopy.h */; };
		890EC410263B5E1C00F67146 /* macros.h in Headers */ = {isa = PBXBuildFile; fileRef = 890EC3BD263B5E1C00F67146 /* macros.h */; };
		890EC411263B5E1C00F67146 /* acquire-item.h in Headers */ = {isa = PBXBuildFile; fileRef = 890EC3BE263B5E1C00F67146 /* acquire-item.h */; };
		890EC412263B5E1C00F67146 /* cdrom.h in Headers */ = {isa = PBXBuildFile; fileRef = 890EC3BF263B5E1C00F67146 /* cdrom.h */; };
		890EC413263B5E1C00F67146 /* prettyprinters.h in Headers */ = {isa = PBXBuildFile; fileRef = 890EC3C0263B5E1C00F67146 /* prettyprinters.h */; };
		890EC414263B5E1C00F67146 /* orderlist.h in Headers */ = {isa = PBXBuildFile; fileRef = 890EC3C1263B5E1C00F67146 /* orderlist.h */; };
		890EC415263B5E1C00F67146 /* pkgrecords.h in Headers */ = {isa = PBXBuildFile; fileRef = 890EC3C2263B5E1C00F67146 /* pkgrecords.h */; };
		890EC416263B5E1C00F67146 /* edspsystem.h in Headers */ = {isa = PBXBuildFile; fileRef = 890EC3C3263B5E1C00F67146 /* edspsystem.h */; };
		890EC417263B5E1C00F67146 /* debrecords.h in Headers */ = {isa = PBXBuildFile; fileRef = 890EC3C4263B5E1C00F67146 /* debrecords.h */; };
		890EC418263B5E1C00F67146 /* weakptr.h in Headers */ = {isa = PBXBuildFile; fileRef = 890EC3C5263B5E1C00F67146 /* weakptr.h */; };
		890EC419263B5E1C00F67146 /* cdromutl.h in Headers */ = {isa = PBXBuildFile; fileRef = 890EC3C6263B5E1C00F67146 /* cdromutl.h */; };
		890EC41A263B5E1C00F67146 /* srcrecords.h in Headers */ = {isa = PBXBuildFile; fileRef = 890EC3C7263B5E1C00F67146 /* srcrecords.h */; };
		890EC41B263B5E1C00F67146 /* metaindex.h in Headers */ = {isa = PBXBuildFile; fileRef = 890EC3C8263B5E1C00F67146 /* metaindex.h */; };
		890EC41C263B5E1C00F67146 /* statechanges.h in Headers */ = {isa = PBXBuildFile; fileRef = 890EC3C9263B5E1C00F67146 /* statechanges.h */; };
		890EC41D263B5E1C00F67146 /* mmap.h in Headers */ = {isa = PBXBuildFile; fileRef = 890EC3CA263B5E1C00F67146 /* mmap.h */; };
		890EC41E263B5E1C00F67146 /* srvrec.h in Headers */ = {isa = PBXBuildFile; fileRef = 890EC3CB263B5E1C00F67146 /* srvrec.h */; };
		890EC41F263B5E1C00F67146 /* init.h in Headers */ = {isa = PBXBuildFile; fileRef = 890EC3CC263B5E1C00F67146 /* init.h */; };
		890EC420263B5E1C00F67146 /* edsp.h in Headers */ = {isa = PBXBuildFile; fileRef = 890EC3CD263B5E1C00F67146 /* edsp.h */; };
		890EC421263B5E1C00F67146 /* tagfile.h in Headers */ = {isa = PBXBuildFile; fileRef = 890EC3CE263B5E1C00F67146 /* tagfile.h */; };
		890EC422263B5E1C00F67146 /* arfile.h in Headers */ = {isa = PBXBuildFile; fileRef = 890EC3CF263B5E1C00F67146 /* arfile.h */; };
		890EC423263B5E1C00F67146 /* acquire.h in Headers */ = {isa = PBXBuildFile; fileRef = 890EC3D0263B5E1C00F67146 /* acquire.h */; };
		890EC424263B5E1C00F67146 /* versionmatch.h in Headers */ = {isa = PBXBuildFile; fileRef = 890EC3D1263B5E1C00F67146 /* versionmatch.h */; };
		890EC425263B5E1C00F67146 /* nameser_compat.h in Headers */ = {isa = PBXBuildFile; fileRef = 890EC3D2263B5E1C00F67146 /* nameser_compat.h */; };
		890EC426263B5E1C00F67146 /* sourcelist.h in Headers */ = {isa = PBXBuildFile; fileRef = 890EC3D3263B5E1C00F67146 /* sourcelist.h */; };
		890EC427263B5E1C00F67146 /* fileutl.h in Headers */ = {isa = PBXBuildFile; fileRef = 890EC3D4263B5E1C00F67146 /* fileutl.h */; };
		890EC428263B5E1C00F67146 /* aptconfiguration.h in Headers */ = {isa = PBXBuildFile; fileRef = 890EC3D5263B5E1C00F67146 /* aptconfiguration.h */; };
		890EC429263B5E1C00F67146 /* string_view.h in Headers */ = {isa = PBXBuildFile; fileRef = 890EC3D6263B5E1C00F67146 /* string_view.h */; };
		890EC42A263B5E1C00F67146 /* install-progress.h in Headers */ = {isa = PBXBuildFile; fileRef = 890EC3D7263B5E1C00F67146 /* install-progress.h */; };
		890EC42B263B5E1C00F67146 /* update.h in Headers */ = {isa = PBXBuildFile; fileRef = 890EC3D8263B5E1C00F67146 /* update.h */; };
		896C27AB263B5E5C00C6DF11 /* libapt-pkg.6.0.0-macOS.tbd in Frameworks */ = {isa = PBXBuildFile; fileRef = 890EC380263B5DE900F67146 /* libapt-pkg.6.0.0-macOS.tbd */; platformFilter = maccatalyst; };
		896C27AC263B5E5C00C6DF11 /* libapt-pkg.6.0.0-iOS.tbd in Frameworks */ = {isa = PBXBuildFile; fileRef = 890EC37F263B5DE900F67146 /* libapt-pkg.6.0.0-iOS.tbd */; platformFilter = ios; };
		896C27AE263B5E9700C6DF11 /* UIKit.framework in Frameworks */ = {isa = PBXBuildFile; fileRef = 896C27AD263B5E9700C6DF11 /* UIKit.framework */; };
		896C27B0263B5EA800C6DF11 /* PlainsTests.mm in Sources */ = {isa = PBXBuildFile; fileRef = 896C27AF263B5EA800C6DF11 /* PlainsTests.mm */; };
/* End PBXBuildFile section */

/* Begin PBXContainerItemProxy section */
		890EC36F263B5D8400F67146 /* PBXContainerItemProxy */ = {
			isa = PBXContainerItemProxy;
			containerPortal = 890EC35B263B5D8400F67146 /* Project object */;
			proxyType = 1;
			remoteGlobalIDString = 890EC363263B5D8400F67146;
			remoteInfo = Plains;
		};
/* End PBXContainerItemProxy section */

/* Begin PBXFileReference section */
		890EC364263B5D8400F67146 /* Plains.framework */ = {isa = PBXFileReference; explicitFileType = wrapper.framework; includeInIndex = 0; path = Plains.framework; sourceTree = BUILT_PRODUCTS_DIR; };
		890EC367263B5D8400F67146 /* Plains.h */ = {isa = PBXFileReference; lastKnownFileType = sourcecode.c.h; path = Plains.h; sourceTree = "<group>"; };
		890EC368263B5D8400F67146 /* Info.plist */ = {isa = PBXFileReference; lastKnownFileType = text.plist.xml; path = Info.plist; sourceTree = "<group>"; };
		890EC36D263B5D8400F67146 /* PlainsTests.xctest */ = {isa = PBXFileReference; explicitFileType = wrapper.cfbundle; includeInIndex = 0; path = PlainsTests.xctest; sourceTree = BUILT_PRODUCTS_DIR; };
		890EC374263B5D8400F67146 /* Info.plist */ = {isa = PBXFileReference; lastKnownFileType = text.plist.xml; path = Info.plist; sourceTree = "<group>"; };
		890EC37F263B5DE900F67146 /* libapt-pkg.6.0.0-iOS.tbd */ = {isa = PBXFileReference; lastKnownFileType = "sourcecode.text-based-dylib-definition"; path = "libapt-pkg.6.0.0-iOS.tbd"; sourceTree = "<group>"; };
		890EC380263B5DE900F67146 /* libapt-pkg.6.0.0-macOS.tbd */ = {isa = PBXFileReference; lastKnownFileType = "sourcecode.text-based-dylib-definition"; path = "libapt-pkg.6.0.0-macOS.tbd"; sourceTree = "<group>"; };
		890EC382263B5E1C00F67146 /* PLPackageManager.h */ = {isa = PBXFileReference; fileEncoding = 4; lastKnownFileType = sourcecode.c.h; path = PLPackageManager.h; sourceTree = "<group>"; };
		890EC383263B5E1C00F67146 /* PLSourceManager.h */ = {isa = PBXFileReference; fileEncoding = 4; lastKnownFileType = sourcecode.c.h; path = PLSourceManager.h; sourceTree = "<group>"; };
		890EC384263B5E1C00F67146 /* PLSourceManager.mm */ = {isa = PBXFileReference; fileEncoding = 4; lastKnownFileType = sourcecode.cpp.objcpp; path = PLSourceManager.mm; sourceTree = "<group>"; };
		890EC385263B5E1C00F67146 /* PLPackageManager.mm */ = {isa = PBXFileReference; fileEncoding = 4; lastKnownFileType = sourcecode.cpp.objcpp; path = PLPackageManager.mm; sourceTree = "<group>"; };
		890EC387263B5E1C00F67146 /* PLQueue.h */ = {isa = PBXFileReference; fileEncoding = 4; lastKnownFileType = sourcecode.c.h; path = PLQueue.h; sourceTree = "<group>"; };
		890EC388263B5E1C00F67146 /* PLQueue.mm */ = {isa = PBXFileReference; fileEncoding = 4; lastKnownFileType = sourcecode.cpp.objcpp; path = PLQueue.mm; sourceTree = "<group>"; };
		890EC389263B5E1C00F67146 /* PLConfig.h */ = {isa = PBXFileReference; fileEncoding = 4; lastKnownFileType = sourcecode.c.h; path = PLConfig.h; sourceTree = "<group>"; };
		890EC38B263B5E1C00F67146 /* PLConsoleDelegate.h */ = {isa = PBXFileReference; fileEncoding = 4; lastKnownFileType = sourcecode.c.h; path = PLConsoleDelegate.h; sourceTree = "<group>"; };
		890EC38D263B5E1C00F67146 /* PLSource.h */ = {isa = PBXFileReference; fileEncoding = 4; lastKnownFileType = sourcecode.c.h; path = PLSource.h; sourceTree = "<group>"; };
		890EC38E263B5E1C00F67146 /* PLPackage.h */ = {isa = PBXFileReference; fileEncoding = 4; lastKnownFileType = sourcecode.c.h; path = PLPackage.h; sourceTree = "<group>"; };
		890EC38F263B5E1C00F67146 /* PLPackage.mm */ = {isa = PBXFileReference; fileEncoding = 4; lastKnownFileType = sourcecode.cpp.objcpp; path = PLPackage.mm; sourceTree = "<group>"; };
		890EC390263B5E1C00F67146 /* PLSource.mm */ = {isa = PBXFileReference; fileEncoding = 4; lastKnownFileType = sourcecode.cpp.objcpp; path = PLSource.mm; sourceTree = "<group>"; };
		890EC391263B5E1C00F67146 /* PLConfig.mm */ = {isa = PBXFileReference; fileEncoding = 4; lastKnownFileType = sourcecode.cpp.objcpp; path = PLConfig.mm; sourceTree = "<group>"; };
		890EC393263B5E1C00F67146 /* progress.h */ = {isa = PBXFileReference; fileEncoding = 4; lastKnownFileType = sourcecode.c.h; path = progress.h; sourceTree = "<group>"; };
		890EC394263B5E1C00F67146 /* error.h */ = {isa = PBXFileReference; fileEncoding = 4; lastKnownFileType = sourcecode.c.h; path = error.h; sourceTree = "<group>"; };
		890EC395263B5E1C00F67146 /* packagemanager.h */ = {isa = PBXFileReference; fileEncoding = 4; lastKnownFileType = sourcecode.c.h; path = packagemanager.h; sourceTree = "<group>"; };
		890EC396263B5E1C00F67146 /* indexfile.h */ = {isa = PBXFileReference; fileEncoding = 4; lastKnownFileType = sourcecode.c.h; path = indexfile.h; sourceTree = "<group>"; };
		890EC397263B5E1C00F67146 /* dirstream.h */ = {isa = PBXFileReference; fileEncoding = 4; lastKnownFileType = sourcecode.c.h; path = dirstream.h; sourceTree = "<group>"; };
		890EC398263B5E1C00F67146 /* cacheiterators.h */ = {isa = PBXFileReference; fileEncoding = 4; lastKnownFileType = sourcecode.c.h; path = cacheiterators.h; sourceTree = "<group>"; };
		890EC399263B5E1C00F67146 /* depcache.h */ = {isa = PBXFileReference; fileEncoding = 4; lastKnownFileType = sourcecode.c.h; path = depcache.h; sourceTree = "<group>"; };
		890EC39A263B5E1C00F67146 /* pkgcache.h */ = {isa = PBXFileReference; fileEncoding = 4; lastKnownFileType = sourcecode.c.h; path = pkgcache.h; sourceTree = "<group>"; };
		890EC39B263B5E1C00F67146 /* debfile.h */ = {isa = PBXFileReference; fileEncoding = 4; lastKnownFileType = sourcecode.c.h; path = debfile.h; sourceTree = "<group>"; };
		890EC39C263B5E1C00F67146 /* gpgv.h */ = {isa = PBXFileReference; fileEncoding = 4; lastKnownFileType = sourcecode.c.h; path = gpgv.h; sourceTree = "<group>"; };
		890EC39D263B5E1C00F67146 /* debversion.h */ = {isa = PBXFileReference; fileEncoding = 4; lastKnownFileType = sourcecode.c.h; path = debversion.h; sourceTree = "<group>"; };
		890EC39E263B5E1C00F67146 /* version.h */ = {isa = PBXFileReference; fileEncoding = 4; lastKnownFileType = sourcecode.c.h; path = version.h; sourceTree = "<group>"; };
		890EC39F263B5E1C00F67146 /* netrc.h */ = {isa = PBXFileReference; fileEncoding = 4; lastKnownFileType = sourcecode.c.h; path = netrc.h; sourceTree = "<group>"; };
		890EC3A0263B5E1C00F67146 /* policy.h */ = {isa = PBXFileReference; fileEncoding = 4; lastKnownFileType = sourcecode.c.h; path = policy.h; sourceTree = "<group>"; };
		890EC3A1263B5E1C00F67146 /* cachefilter-patterns.h */ = {isa = PBXFileReference; fileEncoding = 4; lastKnownFileType = sourcecode.c.h; path = "cachefilter-patterns.h"; sourceTree = "<group>"; };
		890EC3A2263B5E1C00F67146 /* clean.h */ = {isa = PBXFileReference; fileEncoding = 4; lastKnownFileType = sourcecode.c.h; path = clean.h; sourceTree = "<group>"; };
		890EC3A3263B5E1C00F67146 /* strutl.h */ = {isa = PBXFileReference; fileEncoding = 4; lastKnownFileType = sourcecode.c.h; path = strutl.h; sourceTree = "<group>"; };
		890EC3A4263B5E1C00F67146 /* debsystem.h */ = {isa = PBXFileReference; fileEncoding = 4; lastKnownFileType = sourcecode.c.h; path = debsystem.h; sourceTree = "<group>"; };
		890EC3A5263B5E1C00F67146 /* hashes.h */ = {isa = PBXFileReference; fileEncoding = 4; lastKnownFileType = sourcecode.c.h; path = hashes.h; sourceTree = "<group>"; };
		890EC3A6263B5E1C00F67146 /* debsrcrecords.h */ = {isa = PBXFileReference; fileEncoding = 4; lastKnownFileType = sourcecode.c.h; path = debsrcrecords.h; sourceTree = "<group>"; };
		890EC3A7263B5E1C00F67146 /* upgrade.h */ = {isa = PBXFileReference; fileEncoding = 4; lastKnownFileType = sourcecode.c.h; path = upgrade.h; sourceTree = "<group>"; };
		890EC3A8263B5E1C00F67146 /* endian.h */ = {isa = PBXFileReference; fileEncoding = 4; lastKnownFileType = sourcecode.c.h; path = endian.h; sourceTree = "<group>"; };
		890EC3A9263B5E1C00F67146 /* algorithms.h */ = {isa = PBXFileReference; fileEncoding = 4; lastKnownFileType = sourcecode.c.h; path = algorithms.h; sourceTree = "<group>"; };
		890EC3AA263B5E1C00F67146 /* cmndline.h */ = {isa = PBXFileReference; fileEncoding = 4; lastKnownFileType = sourcecode.c.h; path = cmndline.h; sourceTree = "<group>"; };
		890EC3AB263B5E1C00F67146 /* pkgsystem.h */ = {isa = PBXFileReference; fileEncoding = 4; lastKnownFileType = sourcecode.c.h; path = pkgsystem.h; sourceTree = "<group>"; };
		890EC3AC263B5E1C00F67146 /* acquire-method.h */ = {isa = PBXFileReference; fileEncoding = 4; lastKnownFileType = sourcecode.c.h; path = "acquire-method.h"; sourceTree = "<group>"; };
		890EC3AD263B5E1C00F67146 /* dpkgpm.h */ = {isa = PBXFileReference; fileEncoding = 4; lastKnownFileType = sourcecode.c.h; path = dpkgpm.h; sourceTree = "<group>"; };
		890EC3AE263B5E1C00F67146 /* debindexfile.h */ = {isa = PBXFileReference; fileEncoding = 4; lastKnownFileType = sourcecode.c.h; path = debindexfile.h; sourceTree = "<group>"; };
		890EC3AF263B5E1C00F67146 /* pkgcachegen.h */ = {isa = PBXFileReference; fileEncoding = 4; lastKnownFileType = sourcecode.c.h; path = pkgcachegen.h; sourceTree = "<group>"; };
		890EC3B0263B5E1C00F67146 /* configuration.h */ = {isa = PBXFileReference; fileEncoding = 4; lastKnownFileType = sourcecode.c.h; path = configuration.h; sourceTree = "<group>"; };
		890EC3B1263B5E1C00F67146 /* cachefilter.h */ = {isa = PBXFileReference; fileEncoding = 4; lastKnownFileType = sourcecode.c.h; path = cachefilter.h; sourceTree = "<group>"; };
		890EC3B2263B5E1C00F67146 /* extracttar.h */ = {isa = PBXFileReference; fileEncoding = 4; lastKnownFileType = sourcecode.c.h; path = extracttar.h; sourceTree = "<group>"; };
		890EC3B3263B5E1C00F67146 /* acquire-worker.h */ = {isa = PBXFileReference; fileEncoding = 4; lastKnownFileType = sourcecode.c.h; path = "acquire-worker.h"; sourceTree = "<group>"; };
		890EC3B4263B5E1C00F67146 /* missing.h */ = {isa = PBXFileReference; fileEncoding = 4; lastKnownFileType = sourcecode.c.h; path = missing.h; sourceTree = "<group>"; };
		890EC3B5263B5E1C00F67146 /* debmetaindex.h */ = {isa = PBXFileReference; fileEncoding = 4; lastKnownFileType = sourcecode.c.h; path = debmetaindex.h; sourceTree = "<group>"; };
		890EC3B6263B5E1C00F67146 /* cachefile.h */ = {isa = PBXFileReference; fileEncoding = 4; lastKnownFileType = sourcecode.c.h; path = cachefile.h; sourceTree = "<group>"; };
		890EC3B7263B5E1C00F67146 /* edsplistparser.h */ = {isa = PBXFileReference; fileEncoding = 4; lastKnownFileType = sourcecode.c.h; path = edsplistparser.h; sourceTree = "<group>"; };
		890EC3B8263B5E1C00F67146 /* cacheset.h */ = {isa = PBXFileReference; fileEncoding = 4; lastKnownFileType = sourcecode.c.h; path = cacheset.h; sourceTree = "<group>"; };
		890EC3B9263B5E1C00F67146 /* edspindexfile.h */ = {isa = PBXFileReference; fileEncoding = 4; lastKnownFileType = sourcecode.c.h; path = edspindexfile.h; sourceTree = "<group>"; };
		890EC3BA263B5E1C00F67146 /* deblistparser.h */ = {isa = PBXFileReference; fileEncoding = 4; lastKnownFileType = sourcecode.c.h; path = deblistparser.h; sourceTree = "<group>"; };
		890EC3BB263B5E1C00F67146 /* proxy.h */ = {isa = PBXFileReference; fileEncoding = 4; lastKnownFileType = sourcecode.c.h; path = proxy.h; sourceTree = "<group>"; };
		890EC3BC263B5E1C00F67146 /* indexcopy.h */ = {isa = PBXFileReference; fileEncoding = 4; lastKnownFileType = sourcecode.c.h; path = indexcopy.h; sourceTree = "<group>"; };
		890EC3BD263B5E1C00F67146 /* macros.h */ = {isa = PBXFileReference; fileEncoding = 4; lastKnownFileType = sourcecode.c.h; path = macros.h; sourceTree = "<group>"; };
		890EC3BE263B5E1C00F67146 /* acquire-item.h */ = {isa = PBXFileReference; fileEncoding = 4; lastKnownFileType = sourcecode.c.h; path = "acquire-item.h"; sourceTree = "<group>"; };
		890EC3BF263B5E1C00F67146 /* cdrom.h */ = {isa = PBXFileReference; fileEncoding = 4; lastKnownFileType = sourcecode.c.h; path = cdrom.h; sourceTree = "<group>"; };
		890EC3C0263B5E1C00F67146 /* prettyprinters.h */ = {isa = PBXFileReference; fileEncoding = 4; lastKnownFileType = sourcecode.c.h; path = prettyprinters.h; sourceTree = "<group>"; };
		890EC3C1263B5E1C00F67146 /* orderlist.h */ = {isa = PBXFileReference; fileEncoding = 4; lastKnownFileType = sourcecode.c.h; path = orderlist.h; sourceTree = "<group>"; };
		890EC3C2263B5E1C00F67146 /* pkgrecords.h */ = {isa = PBXFileReference; fileEncoding = 4; lastKnownFileType = sourcecode.c.h; path = pkgrecords.h; sourceTree = "<group>"; };
		890EC3C3263B5E1C00F67146 /* edspsystem.h */ = {isa = PBXFileReference; fileEncoding = 4; lastKnownFileType = sourcecode.c.h; path = edspsystem.h; sourceTree = "<group>"; };
		890EC3C4263B5E1C00F67146 /* debrecords.h */ = {isa = PBXFileReference; fileEncoding = 4; lastKnownFileType = sourcecode.c.h; path = debrecords.h; sourceTree = "<group>"; };
		890EC3C5263B5E1C00F67146 /* weakptr.h */ = {isa = PBXFileReference; fileEncoding = 4; lastKnownFileType = sourcecode.c.h; path = weakptr.h; sourceTree = "<group>"; };
		890EC3C6263B5E1C00F67146 /* cdromutl.h */ = {isa = PBXFileReference; fileEncoding = 4; lastKnownFileType = sourcecode.c.h; path = cdromutl.h; sourceTree = "<group>"; };
		890EC3C7263B5E1C00F67146 /* srcrecords.h */ = {isa = PBXFileReference; fileEncoding = 4; lastKnownFileType = sourcecode.c.h; path = srcrecords.h; sourceTree = "<group>"; };
		890EC3C8263B5E1C00F67146 /* metaindex.h */ = {isa = PBXFileReference; fileEncoding = 4; lastKnownFileType = sourcecode.c.h; path = metaindex.h; sourceTree = "<group>"; };
		890EC3C9263B5E1C00F67146 /* statechanges.h */ = {isa = PBXFileReference; fileEncoding = 4; lastKnownFileType = sourcecode.c.h; path = statechanges.h; sourceTree = "<group>"; };
		890EC3CA263B5E1C00F67146 /* mmap.h */ = {isa = PBXFileReference; fileEncoding = 4; lastKnownFileType = sourcecode.c.h; path = mmap.h; sourceTree = "<group>"; };
		890EC3CB263B5E1C00F67146 /* srvrec.h */ = {isa = PBXFileReference; fileEncoding = 4; lastKnownFileType = sourcecode.c.h; path = srvrec.h; sourceTree = "<group>"; };
		890EC3CC263B5E1C00F67146 /* init.h */ = {isa = PBXFileReference; fileEncoding = 4; lastKnownFileType = sourcecode.c.h; path = init.h; sourceTree = "<group>"; };
		890EC3CD263B5E1C00F67146 /* edsp.h */ = {isa = PBXFileReference; fileEncoding = 4; lastKnownFileType = sourcecode.c.h; path = edsp.h; sourceTree = "<group>"; };
		890EC3CE263B5E1C00F67146 /* tagfile.h */ = {isa = PBXFileReference; fileEncoding = 4; lastKnownFileType = sourcecode.c.h; path = tagfile.h; sourceTree = "<group>"; };
		890EC3CF263B5E1C00F67146 /* arfile.h */ = {isa = PBXFileReference; fileEncoding = 4; lastKnownFileType = sourcecode.c.h; path = arfile.h; sourceTree = "<group>"; };
		890EC3D0263B5E1C00F67146 /* acquire.h */ = {isa = PBXFileReference; fileEncoding = 4; lastKnownFileType = sourcecode.c.h; path = acquire.h; sourceTree = "<group>"; };
		890EC3D1263B5E1C00F67146 /* versionmatch.h */ = {isa = PBXFileReference; fileEncoding = 4; lastKnownFileType = sourcecode.c.h; path = versionmatch.h; sourceTree = "<group>"; };
		890EC3D2263B5E1C00F67146 /* nameser_compat.h */ = {isa = PBXFileReference; fileEncoding = 4; lastKnownFileType = sourcecode.c.h; path = nameser_compat.h; sourceTree = "<group>"; };
		890EC3D3263B5E1C00F67146 /* sourcelist.h */ = {isa = PBXFileReference; fileEncoding = 4; lastKnownFileType = sourcecode.c.h; path = sourcelist.h; sourceTree = "<group>"; };
		890EC3D4263B5E1C00F67146 /* fileutl.h */ = {isa = PBXFileReference; fileEncoding = 4; lastKnownFileType = sourcecode.c.h; path = fileutl.h; sourceTree = "<group>"; };
		890EC3D5263B5E1C00F67146 /* aptconfiguration.h */ = {isa = PBXFileReference; fileEncoding = 4; lastKnownFileType = sourcecode.c.h; path = aptconfiguration.h; sourceTree = "<group>"; };
		890EC3D6263B5E1C00F67146 /* string_view.h */ = {isa = PBXFileReference; fileEncoding = 4; lastKnownFileType = sourcecode.c.h; path = string_view.h; sourceTree = "<group>"; };
		890EC3D7263B5E1C00F67146 /* install-progress.h */ = {isa = PBXFileReference; fileEncoding = 4; lastKnownFileType = sourcecode.c.h; path = "install-progress.h"; sourceTree = "<group>"; };
		890EC3D8263B5E1C00F67146 /* update.h */ = {isa = PBXFileReference; fileEncoding = 4; lastKnownFileType = sourcecode.c.h; path = update.h; sourceTree = "<group>"; };
		896C27AD263B5E9700C6DF11 /* UIKit.framework */ = {isa = PBXFileReference; lastKnownFileType = wrapper.framework; name = UIKit.framework; path = Platforms/MacOSX.platform/Developer/SDKs/MacOSX11.3.sdk/System/iOSSupport/System/Library/Frameworks/UIKit.framework; sourceTree = DEVELOPER_DIR; };
		896C27AF263B5EA800C6DF11 /* PlainsTests.mm */ = {isa = PBXFileReference; fileEncoding = 4; lastKnownFileType = sourcecode.cpp.objcpp; path = PlainsTests.mm; sourceTree = "<group>"; };
		896C27B1263B5F6500C6DF11 /* Plains.xctestplan */ = {isa = PBXFileReference; lastKnownFileType = text; path = Plains.xctestplan; sourceTree = "<group>"; };
/* End PBXFileReference section */

/* Begin PBXFrameworksBuildPhase section */
		890EC361263B5D8400F67146 /* Frameworks */ = {
			isa = PBXFrameworksBuildPhase;
			buildActionMask = 2147483647;
			files = (
				896C27AB263B5E5C00C6DF11 /* libapt-pkg.6.0.0-macOS.tbd in Frameworks */,
				896C27AE263B5E9700C6DF11 /* UIKit.framework in Frameworks */,
				896C27AC263B5E5C00C6DF11 /* libapt-pkg.6.0.0-iOS.tbd in Frameworks */,
			);
			runOnlyForDeploymentPostprocessing = 0;
		};
		890EC36A263B5D8400F67146 /* Frameworks */ = {
			isa = PBXFrameworksBuildPhase;
			buildActionMask = 2147483647;
			files = (
				890EC36E263B5D8400F67146 /* Plains.framework in Frameworks */,
			);
			runOnlyForDeploymentPostprocessing = 0;
		};
/* End PBXFrameworksBuildPhase section */

/* Begin PBXGroup section */
		890EC35A263B5D8400F67146 = {
			isa = PBXGroup;
			children = (
				890EC366263B5D8400F67146 /* Plains */,
				890EC371263B5D8400F67146 /* PlainsTests */,
				890EC365263B5D8400F67146 /* Products */,
				890EC37E263B5DE800F67146 /* Frameworks */,
			);
			sourceTree = "<group>";
		};
		890EC365263B5D8400F67146 /* Products */ = {
			isa = PBXGroup;
			children = (
				890EC364263B5D8400F67146 /* Plains.framework */,
				890EC36D263B5D8400F67146 /* PlainsTests.xctest */,
			);
			name = Products;
			sourceTree = "<group>";
		};
		890EC366263B5D8400F67146 /* Plains */ = {
			isa = PBXGroup;
			children = (
				890EC392263B5E1C00F67146 /* apt-pkg */,
				890EC38A263B5E1C00F67146 /* Delegates */,
				890EC381263B5E1C00F67146 /* Managers */,
				890EC38C263B5E1C00F67146 /* Model */,
				890EC389263B5E1C00F67146 /* PLConfig.h */,
				890EC391263B5E1C00F67146 /* PLConfig.mm */,
				890EC386263B5E1C00F67146 /* Queue */,
				890EC367263B5D8400F67146 /* Plains.h */,
				890EC368263B5D8400F67146 /* Info.plist */,
			);
			path = Plains;
			sourceTree = "<group>";
		};
		890EC371263B5D8400F67146 /* PlainsTests */ = {
			isa = PBXGroup;
			children = (
				896C27AF263B5EA800C6DF11 /* PlainsTests.mm */,
				896C27B1263B5F6500C6DF11 /* Plains.xctestplan */,
				890EC374263B5D8400F67146 /* Info.plist */,
			);
			path = PlainsTests;
			sourceTree = "<group>";
		};
		890EC37E263B5DE800F67146 /* Frameworks */ = {
			isa = PBXGroup;
			children = (
				896C27AD263B5E9700C6DF11 /* UIKit.framework */,
				890EC37F263B5DE900F67146 /* libapt-pkg.6.0.0-iOS.tbd */,
				890EC380263B5DE900F67146 /* libapt-pkg.6.0.0-macOS.tbd */,
			);
			name = Frameworks;
			sourceTree = "<group>";
		};
		890EC381263B5E1C00F67146 /* Managers */ = {
			isa = PBXGroup;
			children = (
				890EC382263B5E1C00F67146 /* PLPackageManager.h */,
				890EC383263B5E1C00F67146 /* PLSourceManager.h */,
				890EC384263B5E1C00F67146 /* PLSourceManager.mm */,
				890EC385263B5E1C00F67146 /* PLPackageManager.mm */,
			);
			path = Managers;
			sourceTree = "<group>";
		};
		890EC386263B5E1C00F67146 /* Queue */ = {
			isa = PBXGroup;
			children = (
				890EC387263B5E1C00F67146 /* PLQueue.h */,
				890EC388263B5E1C00F67146 /* PLQueue.mm */,
			);
			path = Queue;
			sourceTree = "<group>";
		};
		890EC38A263B5E1C00F67146 /* Delegates */ = {
			isa = PBXGroup;
			children = (
				890EC38B263B5E1C00F67146 /* PLConsoleDelegate.h */,
			);
			path = Delegates;
			sourceTree = "<group>";
		};
		890EC38C263B5E1C00F67146 /* Model */ = {
			isa = PBXGroup;
			children = (
				890EC38D263B5E1C00F67146 /* PLSource.h */,
				890EC38E263B5E1C00F67146 /* PLPackage.h */,
				890EC38F263B5E1C00F67146 /* PLPackage.mm */,
				890EC390263B5E1C00F67146 /* PLSource.mm */,
			);
			path = Model;
			sourceTree = "<group>";
		};
		890EC392263B5E1C00F67146 /* apt-pkg */ = {
			isa = PBXGroup;
			children = (
				890EC393263B5E1C00F67146 /* progress.h */,
				890EC394263B5E1C00F67146 /* error.h */,
				890EC395263B5E1C00F67146 /* packagemanager.h */,
				890EC396263B5E1C00F67146 /* indexfile.h */,
				890EC397263B5E1C00F67146 /* dirstream.h */,
				890EC398263B5E1C00F67146 /* cacheiterators.h */,
				890EC399263B5E1C00F67146 /* depcache.h */,
				890EC39A263B5E1C00F67146 /* pkgcache.h */,
				890EC39B263B5E1C00F67146 /* debfile.h */,
				890EC39C263B5E1C00F67146 /* gpgv.h */,
				890EC39D263B5E1C00F67146 /* debversion.h */,
				890EC39E263B5E1C00F67146 /* version.h */,
				890EC39F263B5E1C00F67146 /* netrc.h */,
				890EC3A0263B5E1C00F67146 /* policy.h */,
				890EC3A1263B5E1C00F67146 /* cachefilter-patterns.h */,
				890EC3A2263B5E1C00F67146 /* clean.h */,
				890EC3A3263B5E1C00F67146 /* strutl.h */,
				890EC3A4263B5E1C00F67146 /* debsystem.h */,
				890EC3A5263B5E1C00F67146 /* hashes.h */,
				890EC3A6263B5E1C00F67146 /* debsrcrecords.h */,
				890EC3A7263B5E1C00F67146 /* upgrade.h */,
				890EC3A8263B5E1C00F67146 /* endian.h */,
				890EC3A9263B5E1C00F67146 /* algorithms.h */,
				890EC3AA263B5E1C00F67146 /* cmndline.h */,
				890EC3AB263B5E1C00F67146 /* pkgsystem.h */,
				890EC3AC263B5E1C00F67146 /* acquire-method.h */,
				890EC3AD263B5E1C00F67146 /* dpkgpm.h */,
				890EC3AE263B5E1C00F67146 /* debindexfile.h */,
				890EC3AF263B5E1C00F67146 /* pkgcachegen.h */,
				890EC3B0263B5E1C00F67146 /* configuration.h */,
				890EC3B1263B5E1C00F67146 /* cachefilter.h */,
				890EC3B2263B5E1C00F67146 /* extracttar.h */,
				890EC3B3263B5E1C00F67146 /* acquire-worker.h */,
				890EC3B4263B5E1C00F67146 /* missing.h */,
				890EC3B5263B5E1C00F67146 /* debmetaindex.h */,
				890EC3B6263B5E1C00F67146 /* cachefile.h */,
				890EC3B7263B5E1C00F67146 /* edsplistparser.h */,
				890EC3B8263B5E1C00F67146 /* cacheset.h */,
				890EC3B9263B5E1C00F67146 /* edspindexfile.h */,
				890EC3BA263B5E1C00F67146 /* deblistparser.h */,
				890EC3BB263B5E1C00F67146 /* proxy.h */,
				890EC3BC263B5E1C00F67146 /* indexcopy.h */,
				890EC3BD263B5E1C00F67146 /* macros.h */,
				890EC3BE263B5E1C00F67146 /* acquire-item.h */,
				890EC3BF263B5E1C00F67146 /* cdrom.h */,
				890EC3C0263B5E1C00F67146 /* prettyprinters.h */,
				890EC3C1263B5E1C00F67146 /* orderlist.h */,
				890EC3C2263B5E1C00F67146 /* pkgrecords.h */,
				890EC3C3263B5E1C00F67146 /* edspsystem.h */,
				890EC3C4263B5E1C00F67146 /* debrecords.h */,
				890EC3C5263B5E1C00F67146 /* weakptr.h */,
				890EC3C6263B5E1C00F67146 /* cdromutl.h */,
				890EC3C7263B5E1C00F67146 /* srcrecords.h */,
				890EC3C8263B5E1C00F67146 /* metaindex.h */,
				890EC3C9263B5E1C00F67146 /* statechanges.h */,
				890EC3CA263B5E1C00F67146 /* mmap.h */,
				890EC3CB263B5E1C00F67146 /* srvrec.h */,
				890EC3CC263B5E1C00F67146 /* init.h */,
				890EC3CD263B5E1C00F67146 /* edsp.h */,
				890EC3CE263B5E1C00F67146 /* tagfile.h */,
				890EC3CF263B5E1C00F67146 /* arfile.h */,
				890EC3D0263B5E1C00F67146 /* acquire.h */,
				890EC3D1263B5E1C00F67146 /* versionmatch.h */,
				890EC3D2263B5E1C00F67146 /* nameser_compat.h */,
				890EC3D3263B5E1C00F67146 /* sourcelist.h */,
				890EC3D4263B5E1C00F67146 /* fileutl.h */,
				890EC3D5263B5E1C00F67146 /* aptconfiguration.h */,
				890EC3D6263B5E1C00F67146 /* string_view.h */,
				890EC3D7263B5E1C00F67146 /* install-progress.h */,
				890EC3D8263B5E1C00F67146 /* update.h */,
			);
			path = "apt-pkg";
			sourceTree = "<group>";
		};
/* End PBXGroup section */

/* Begin PBXHeadersBuildPhase section */
		890EC35F263B5D8400F67146 /* Headers */ = {
			isa = PBXHeadersBuildPhase;
			buildActionMask = 2147483647;
			files = (
				890EC406263B5E1C00F67146 /* acquire-worker.h in Headers */,
				890EC409263B5E1C00F67146 /* cachefile.h in Headers */,
				890EC40F263B5E1C00F67146 /* indexcopy.h in Headers */,
				890EC3F6263B5E1C00F67146 /* strutl.h in Headers */,
				890EC41F263B5E1C00F67146 /* init.h in Headers */,
				890EC41B263B5E1C00F67146 /* metaindex.h in Headers */,
				890EC3F5263B5E1C00F67146 /* clean.h in Headers */,
				890EC41A263B5E1C00F67146 /* srcrecords.h in Headers */,
				890EC41D263B5E1C00F67146 /* mmap.h in Headers */,
				890EC416263B5E1C00F67146 /* edspsystem.h in Headers */,
				890EC3DF263B5E1C00F67146 /* PLConfig.h in Headers */,
				890EC3E2263B5E1C00F67146 /* PLPackage.h in Headers */,
				890EC405263B5E1C00F67146 /* extracttar.h in Headers */,
				890EC3EF263B5E1C00F67146 /* gpgv.h in Headers */,
				890EC424263B5E1C00F67146 /* versionmatch.h in Headers */,
				890EC3F2263B5E1C00F67146 /* netrc.h in Headers */,
				890EC421263B5E1C00F67146 /* tagfile.h in Headers */,
				890EC402263B5E1C00F67146 /* pkgcachegen.h in Headers */,
				890EC404263B5E1C00F67146 /* cachefilter.h in Headers */,
				890EC3F9263B5E1C00F67146 /* debsrcrecords.h in Headers */,
				890EC401263B5E1C00F67146 /* debindexfile.h in Headers */,
				890EC40E263B5E1C00F67146 /* proxy.h in Headers */,
				890EC3DD263B5E1C00F67146 /* PLQueue.h in Headers */,
				890EC40B263B5E1C00F67146 /* cacheset.h in Headers */,
				890EC375263B5D8400F67146 /* Plains.h in Headers */,
				890EC3F1263B5E1C00F67146 /* version.h in Headers */,
				890EC3FD263B5E1C00F67146 /* cmndline.h in Headers */,
				890EC3EA263B5E1C00F67146 /* dirstream.h in Headers */,
				890EC425263B5E1C00F67146 /* nameser_compat.h in Headers */,
				890EC407263B5E1C00F67146 /* missing.h in Headers */,
				890EC3FC263B5E1C00F67146 /* algorithms.h in Headers */,
				890EC3DA263B5E1C00F67146 /* PLSourceManager.h in Headers */,
				890EC3F0263B5E1C00F67146 /* debversion.h in Headers */,
				890EC42B263B5E1C00F67146 /* update.h in Headers */,
				890EC423263B5E1C00F67146 /* acquire.h in Headers */,
				890EC41C263B5E1C00F67146 /* statechanges.h in Headers */,
				890EC3ED263B5E1C00F67146 /* pkgcache.h in Headers */,
				890EC411263B5E1C00F67146 /* acquire-item.h in Headers */,
				890EC420263B5E1C00F67146 /* edsp.h in Headers */,
				890EC413263B5E1C00F67146 /* prettyprinters.h in Headers */,
				890EC418263B5E1C00F67146 /* weakptr.h in Headers */,
				890EC429263B5E1C00F67146 /* string_view.h in Headers */,
				890EC422263B5E1C00F67146 /* arfile.h in Headers */,
				890EC42A263B5E1C00F67146 /* install-progress.h in Headers */,
				890EC3E9263B5E1C00F67146 /* indexfile.h in Headers */,
				890EC40D263B5E1C00F67146 /* deblistparser.h in Headers */,
				890EC428263B5E1C00F67146 /* aptconfiguration.h in Headers */,
				890EC415263B5E1C00F67146 /* pkgrecords.h in Headers */,
				890EC3F3263B5E1C00F67146 /* policy.h in Headers */,
				890EC419263B5E1C00F67146 /* cdromutl.h in Headers */,
				890EC3EB263B5E1C00F67146 /* cacheiterators.h in Headers */,
				890EC400263B5E1C00F67146 /* dpkgpm.h in Headers */,
				890EC3FB263B5E1C00F67146 /* endian.h in Headers */,
				890EC3EC263B5E1C00F67146 /* depcache.h in Headers */,
				890EC40A263B5E1C00F67146 /* edsplistparser.h in Headers */,
				890EC40C263B5E1C00F67146 /* edspindexfile.h in Headers */,
				890EC3F4263B5E1C00F67146 /* cachefilter-patterns.h in Headers */,
				890EC408263B5E1C00F67146 /* debmetaindex.h in Headers */,
				890EC3FA263B5E1C00F67146 /* upgrade.h in Headers */,
				890EC41E263B5E1C00F67146 /* srvrec.h in Headers */,
				890EC3D9263B5E1C00F67146 /* PLPackageManager.h in Headers */,
				890EC3FE263B5E1C00F67146 /* pkgsystem.h in Headers */,
				890EC412263B5E1C00F67146 /* cdrom.h in Headers */,
				890EC3F8263B5E1C00F67146 /* hashes.h in Headers */,
				890EC410263B5E1C00F67146 /* macros.h in Headers */,
				890EC417263B5E1C00F67146 /* debrecords.h in Headers */,
				890EC427263B5E1C00F67146 /* fileutl.h in Headers */,
				890EC3FF263B5E1C00F67146 /* acquire-method.h in Headers */,
				890EC3E8263B5E1C00F67146 /* packagemanager.h in Headers */,
				890EC403263B5E1C00F67146 /* configuration.h in Headers */,
				890EC3EE263B5E1C00F67146 /* debfile.h in Headers */,
				890EC3E1263B5E1C00F67146 /* PLSource.h in Headers */,
				890EC426263B5E1C00F67146 /* sourcelist.h in Headers */,
				890EC3E0263B5E1C00F67146 /* PLConsoleDelegate.h in Headers */,
				890EC3E6263B5E1C00F67146 /* progress.h in Headers */,
				890EC3E7263B5E1C00F67146 /* error.h in Headers */,
				890EC3F7263B5E1C00F67146 /* debsystem.h in Headers */,
				890EC414263B5E1C00F67146 /* orderlist.h in Headers */,
			);
			runOnlyForDeploymentPostprocessing = 0;
		};
/* End PBXHeadersBuildPhase section */

/* Begin PBXNativeTarget section */
		890EC363263B5D8400F67146 /* Plains */ = {
			isa = PBXNativeTarget;
			buildConfigurationList = 890EC378263B5D8400F67146 /* Build configuration list for PBXNativeTarget "Plains" */;
			buildPhases = (
				890EC35F263B5D8400F67146 /* Headers */,
				890EC360263B5D8400F67146 /* Sources */,
				890EC361263B5D8400F67146 /* Frameworks */,
				890EC362263B5D8400F67146 /* Resources */,
			);
			buildRules = (
			);
			dependencies = (
			);
			name = Plains;
			productName = Plains;
			productReference = 890EC364263B5D8400F67146 /* Plains.framework */;
			productType = "com.apple.product-type.framework";
		};
		890EC36C263B5D8400F67146 /* PlainsTests */ = {
			isa = PBXNativeTarget;
			buildConfigurationList = 890EC37B263B5D8400F67146 /* Build configuration list for PBXNativeTarget "PlainsTests" */;
			buildPhases = (
				890EC369263B5D8400F67146 /* Sources */,
				890EC36A263B5D8400F67146 /* Frameworks */,
				890EC36B263B5D8400F67146 /* Resources */,
			);
			buildRules = (
			);
			dependencies = (
				890EC370263B5D8400F67146 /* PBXTargetDependency */,
			);
			name = PlainsTests;
			productName = PlainsTests;
			productReference = 890EC36D263B5D8400F67146 /* PlainsTests.xctest */;
			productType = "com.apple.product-type.bundle.unit-test";
		};
/* End PBXNativeTarget section */

/* Begin PBXProject section */
		890EC35B263B5D8400F67146 /* Project object */ = {
			isa = PBXProject;
			attributes = {
				LastUpgradeCheck = 1250;
				TargetAttributes = {
					890EC363263B5D8400F67146 = {
						CreatedOnToolsVersion = 12.5;
					};
					890EC36C263B5D8400F67146 = {
						CreatedOnToolsVersion = 12.5;
					};
				};
			};
			buildConfigurationList = 890EC35E263B5D8400F67146 /* Build configuration list for PBXProject "Plains" */;
			compatibilityVersion = "Xcode 9.3";
			developmentRegion = en;
			hasScannedForEncodings = 0;
			knownRegions = (
				en,
				Base,
			);
			mainGroup = 890EC35A263B5D8400F67146;
			productRefGroup = 890EC365263B5D8400F67146 /* Products */;
			projectDirPath = "";
			projectRoot = "";
			targets = (
				890EC363263B5D8400F67146 /* Plains */,
				890EC36C263B5D8400F67146 /* PlainsTests */,
			);
		};
/* End PBXProject section */

/* Begin PBXResourcesBuildPhase section */
		890EC362263B5D8400F67146 /* Resources */ = {
			isa = PBXResourcesBuildPhase;
			buildActionMask = 2147483647;
			files = (
			);
			runOnlyForDeploymentPostprocessing = 0;
		};
		890EC36B263B5D8400F67146 /* Resources */ = {
			isa = PBXResourcesBuildPhase;
			buildActionMask = 2147483647;
			files = (
			);
			runOnlyForDeploymentPostprocessing = 0;
		};
/* End PBXResourcesBuildPhase section */

/* Begin PBXSourcesBuildPhase section */
		890EC360263B5D8400F67146 /* Sources */ = {
			isa = PBXSourcesBuildPhase;
			buildActionMask = 2147483647;
			files = (
				890EC3E3263B5E1C00F67146 /* PLPackage.mm in Sources */,
				890EC3DC263B5E1C00F67146 /* PLPackageManager.mm in Sources */,
				890EC3DB263B5E1C00F67146 /* PLSourceManager.mm in Sources */,
				890EC3E5263B5E1C00F67146 /* PLConfig.mm in Sources */,
				890EC3DE263B5E1C00F67146 /* PLQueue.mm in Sources */,
				890EC3E4263B5E1C00F67146 /* PLSource.mm in Sources */,
			);
			runOnlyForDeploymentPostprocessing = 0;
		};
		890EC369263B5D8400F67146 /* Sources */ = {
			isa = PBXSourcesBuildPhase;
			buildActionMask = 2147483647;
			files = (
				896C27B0263B5EA800C6DF11 /* PlainsTests.mm in Sources */,
			);
			runOnlyForDeploymentPostprocessing = 0;
		};
/* End PBXSourcesBuildPhase section */

/* Begin PBXTargetDependency section */
		890EC370263B5D8400F67146 /* PBXTargetDependency */ = {
			isa = PBXTargetDependency;
			target = 890EC363263B5D8400F67146 /* Plains */;
			targetProxy = 890EC36F263B5D8400F67146 /* PBXContainerItemProxy */;
		};
/* End PBXTargetDependency section */

/* Begin XCBuildConfiguration section */
		890EC376263B5D8400F67146 /* Debug */ = {
			isa = XCBuildConfiguration;
			buildSettings = {
				ALWAYS_SEARCH_USER_PATHS = NO;
				CLANG_ANALYZER_NONNULL = YES;
				CLANG_ANALYZER_NUMBER_OBJECT_CONVERSION = YES_AGGRESSIVE;
				CLANG_CXX_LANGUAGE_STANDARD = "gnu++14";
				CLANG_CXX_LIBRARY = "libc++";
				CLANG_ENABLE_MODULES = YES;
				CLANG_ENABLE_OBJC_ARC = YES;
				CLANG_ENABLE_OBJC_WEAK = YES;
				CLANG_WARN_BLOCK_CAPTURE_AUTORELEASING = YES;
				CLANG_WARN_BOOL_CONVERSION = YES;
				CLANG_WARN_COMMA = YES;
				CLANG_WARN_CONSTANT_CONVERSION = YES;
				CLANG_WARN_DEPRECATED_OBJC_IMPLEMENTATIONS = YES;
				CLANG_WARN_DIRECT_OBJC_ISA_USAGE = YES_ERROR;
				CLANG_WARN_DOCUMENTATION_COMMENTS = YES;
				CLANG_WARN_EMPTY_BODY = YES;
				CLANG_WARN_ENUM_CONVERSION = YES;
				CLANG_WARN_INFINITE_RECURSION = YES;
				CLANG_WARN_INT_CONVERSION = YES;
				CLANG_WARN_NON_LITERAL_NULL_CONVERSION = YES;
				CLANG_WARN_OBJC_IMPLICIT_RETAIN_SELF = YES;
				CLANG_WARN_OBJC_LITERAL_CONVERSION = YES;
				CLANG_WARN_OBJC_ROOT_CLASS = YES_ERROR;
				CLANG_WARN_QUOTED_INCLUDE_IN_FRAMEWORK_HEADER = YES;
				CLANG_WARN_RANGE_LOOP_ANALYSIS = YES;
				CLANG_WARN_STRICT_PROTOTYPES = YES;
				CLANG_WARN_SUSPICIOUS_MOVE = YES;
				CLANG_WARN_UNGUARDED_AVAILABILITY = YES_AGGRESSIVE;
				CLANG_WARN_UNREACHABLE_CODE = YES;
				CLANG_WARN__DUPLICATE_METHOD_MATCH = YES;
				COPY_PHASE_STRIP = NO;
				CURRENT_PROJECT_VERSION = 1;
				DEBUG_INFORMATION_FORMAT = dwarf;
				ENABLE_STRICT_OBJC_MSGSEND = YES;
				ENABLE_TESTABILITY = YES;
				GCC_C_LANGUAGE_STANDARD = gnu11;
				GCC_DYNAMIC_NO_PIC = NO;
				GCC_NO_COMMON_BLOCKS = YES;
				GCC_OPTIMIZATION_LEVEL = 0;
				GCC_PREPROCESSOR_DEFINITIONS = (
					"DEBUG=1",
					"$(inherited)",
				);
				GCC_WARN_64_TO_32_BIT_CONVERSION = YES;
				GCC_WARN_ABOUT_RETURN_TYPE = YES_ERROR;
				GCC_WARN_UNDECLARED_SELECTOR = YES;
				GCC_WARN_UNINITIALIZED_AUTOS = YES_AGGRESSIVE;
				GCC_WARN_UNUSED_FUNCTION = YES;
				GCC_WARN_UNUSED_VARIABLE = YES;
				IPHONEOS_DEPLOYMENT_TARGET = 11.0;
				MACOSX_DEPLOYMENT_TARGET = 10.15;
				MTL_ENABLE_DEBUG_INFO = INCLUDE_SOURCE;
				MTL_FAST_MATH = YES;
				ONLY_ACTIVE_ARCH = YES;
				SDKROOT = iphoneos;
				VERSIONING_SYSTEM = "apple-generic";
				VERSION_INFO_PREFIX = "";
			};
			name = Debug;
		};
		890EC377263B5D8400F67146 /* Release */ = {
			isa = XCBuildConfiguration;
			buildSettings = {
				ALWAYS_SEARCH_USER_PATHS = NO;
				CLANG_ANALYZER_NONNULL = YES;
				CLANG_ANALYZER_NUMBER_OBJECT_CONVERSION = YES_AGGRESSIVE;
				CLANG_CXX_LANGUAGE_STANDARD = "gnu++14";
				CLANG_CXX_LIBRARY = "libc++";
				CLANG_ENABLE_MODULES = YES;
				CLANG_ENABLE_OBJC_ARC = YES;
				CLANG_ENABLE_OBJC_WEAK = YES;
				CLANG_WARN_BLOCK_CAPTURE_AUTORELEASING = YES;
				CLANG_WARN_BOOL_CONVERSION = YES;
				CLANG_WARN_COMMA = YES;
				CLANG_WARN_CONSTANT_CONVERSION = YES;
				CLANG_WARN_DEPRECATED_OBJC_IMPLEMENTATIONS = YES;
				CLANG_WARN_DIRECT_OBJC_ISA_USAGE = YES_ERROR;
				CLANG_WARN_DOCUMENTATION_COMMENTS = YES;
				CLANG_WARN_EMPTY_BODY = YES;
				CLANG_WARN_ENUM_CONVERSION = YES;
				CLANG_WARN_INFINITE_RECURSION = YES;
				CLANG_WARN_INT_CONVERSION = YES;
				CLANG_WARN_NON_LITERAL_NULL_CONVERSION = YES;
				CLANG_WARN_OBJC_IMPLICIT_RETAIN_SELF = YES;
				CLANG_WARN_OBJC_LITERAL_CONVERSION = YES;
				CLANG_WARN_OBJC_ROOT_CLASS = YES_ERROR;
				CLANG_WARN_QUOTED_INCLUDE_IN_FRAMEWORK_HEADER = YES;
				CLANG_WARN_RANGE_LOOP_ANALYSIS = YES;
				CLANG_WARN_STRICT_PROTOTYPES = YES;
				CLANG_WARN_SUSPICIOUS_MOVE = YES;
				CLANG_WARN_UNGUARDED_AVAILABILITY = YES_AGGRESSIVE;
				CLANG_WARN_UNREACHABLE_CODE = YES;
				CLANG_WARN__DUPLICATE_METHOD_MATCH = YES;
				COPY_PHASE_STRIP = NO;
				CURRENT_PROJECT_VERSION = 1;
				DEBUG_INFORMATION_FORMAT = "dwarf-with-dsym";
				ENABLE_NS_ASSERTIONS = NO;
				ENABLE_STRICT_OBJC_MSGSEND = YES;
				GCC_C_LANGUAGE_STANDARD = gnu11;
				GCC_NO_COMMON_BLOCKS = YES;
				GCC_WARN_64_TO_32_BIT_CONVERSION = YES;
				GCC_WARN_ABOUT_RETURN_TYPE = YES_ERROR;
				GCC_WARN_UNDECLARED_SELECTOR = YES;
				GCC_WARN_UNINITIALIZED_AUTOS = YES_AGGRESSIVE;
				GCC_WARN_UNUSED_FUNCTION = YES;
				GCC_WARN_UNUSED_VARIABLE = YES;
				IPHONEOS_DEPLOYMENT_TARGET = 11.0;
				MACOSX_DEPLOYMENT_TARGET = 10.15;
				MTL_ENABLE_DEBUG_INFO = NO;
				MTL_FAST_MATH = YES;
				SDKROOT = iphoneos;
				VALIDATE_PRODUCT = YES;
				VERSIONING_SYSTEM = "apple-generic";
				VERSION_INFO_PREFIX = "";
			};
			name = Release;
		};
		890EC379263B5D8400F67146 /* Debug */ = {
			isa = XCBuildConfiguration;
			buildSettings = {
				CODE_SIGN_STYLE = Automatic;
				DEFINES_MODULE = YES;
				DEVELOPMENT_TEAM = FNYH7RRK6K;
				DYLIB_COMPATIBILITY_VERSION = 1;
				DYLIB_CURRENT_VERSION = 1;
				DYLIB_INSTALL_NAME_BASE = "@rpath";
				HEADER_SEARCH_PATHS = (
					"$(PROJECT_DIR)/Plains",
					"$(PROJECT_DIR)",
				);
				INFOPLIST_FILE = Plains/Info.plist;
				INSTALL_PATH = "$(LOCAL_LIBRARY_DIR)/Frameworks";
				IPHONEOS_DEPLOYMENT_TARGET = 11.0;
				"IPHONEOS_DEPLOYMENT_TARGET[sdk=macosx*]" = 13.2;
				LD_RUNPATH_SEARCH_PATHS = (
					"$(inherited)",
					"@executable_path/Frameworks",
					"@loader_path/Frameworks",
				);
				LIBRARY_SEARCH_PATHS = (
					"$(inherited)",
					"$(PROJECT_DIR)",
				);
				MACOSX_DEPLOYMENT_TARGET = 10.15;
				PRODUCT_BUNDLE_IDENTIFIER = xyz.willy.Plains;
				PRODUCT_NAME = "$(TARGET_NAME:c99extidentifier)";
				SKIP_INSTALL = YES;
				TARGETED_DEVICE_FAMILY = "1,2";
			};
			name = Debug;
		};
		890EC37A263B5D8400F67146 /* Release */ = {
			isa = XCBuildConfiguration;
			buildSettings = {
				CODE_SIGN_STYLE = Automatic;
				DEFINES_MODULE = YES;
				DEVELOPMENT_TEAM = FNYH7RRK6K;
				DYLIB_COMPATIBILITY_VERSION = 1;
				DYLIB_CURRENT_VERSION = 1;
				DYLIB_INSTALL_NAME_BASE = "@rpath";
				HEADER_SEARCH_PATHS = (
					"$(PROJECT_DIR)/Plains",
					"$(PROJECT_DIR)",
				);
				INFOPLIST_FILE = Plains/Info.plist;
				INSTALL_PATH = "$(LOCAL_LIBRARY_DIR)/Frameworks";
				IPHONEOS_DEPLOYMENT_TARGET = 11.0;
				"IPHONEOS_DEPLOYMENT_TARGET[sdk=macosx*]" = 13.2;
				LD_RUNPATH_SEARCH_PATHS = (
					"$(inherited)",
					"@executable_path/Frameworks",
					"@loader_path/Frameworks",
				);
				LIBRARY_SEARCH_PATHS = (
					"$(inherited)",
					"$(PROJECT_DIR)",
				);
				MACOSX_DEPLOYMENT_TARGET = 10.15;
				PRODUCT_BUNDLE_IDENTIFIER = xyz.willy.Plains;
				PRODUCT_NAME = "$(TARGET_NAME:c99extidentifier)";
				SKIP_INSTALL = YES;
				TARGETED_DEVICE_FAMILY = "1,2";
			};
			name = Release;
		};
		890EC37C263B5D8400F67146 /* Debug */ = {
			isa = XCBuildConfiguration;
			buildSettings = {
				CODE_SIGN_STYLE = Automatic;
				DEVELOPMENT_TEAM = FNYH7RRK6K;
				HEADER_SEARCH_PATHS = (
					"$(PROJECT_DIR)/Plains",
					"$(PROJECT_DIR)",
				);
				INFOPLIST_FILE = PlainsTests/Info.plist;
				LD_RUNPATH_SEARCH_PATHS = (
					"$(inherited)",
					"@executable_path/Frameworks",
					"@loader_path/Frameworks",
				);
				MACOSX_DEPLOYMENT_TARGET = 10.15;
				PRODUCT_BUNDLE_IDENTIFIER = xyz.willy.PlainsTests;
				PRODUCT_NAME = "$(TARGET_NAME)";
				TARGETED_DEVICE_FAMILY = "1,2";
			};
			name = Debug;
		};
		890EC37D263B5D8400F67146 /* Release */ = {
			isa = XCBuildConfiguration;
			buildSettings = {
				CODE_SIGN_STYLE = Automatic;
				DEVELOPMENT_TEAM = FNYH7RRK6K;
				HEADER_SEARCH_PATHS = (
					"$(PROJECT_DIR)/Plains",
					"$(PROJECT_DIR)",
				);
				INFOPLIST_FILE = PlainsTests/Info.plist;
				LD_RUNPATH_SEARCH_PATHS = (
					"$(inherited)",
					"@executable_path/Frameworks",
					"@loader_path/Frameworks",
				);
				MACOSX_DEPLOYMENT_TARGET = 10.15;
				PRODUCT_BUNDLE_IDENTIFIER = xyz.willy.PlainsTests;
				PRODUCT_NAME = "$(TARGET_NAME)";
				TARGETED_DEVICE_FAMILY = "1,2";
			};
			name = Release;
		};
/* End XCBuildConfiguration section */

/* Begin XCConfigurationList section */
		890EC35E263B5D8400F67146 /* Build configuration list for PBXProject "Plains" */ = {
			isa = XCConfigurationList;
			buildConfigurations = (
				890EC376263B5D8400F67146 /* Debug */,
				890EC377263B5D8400F67146 /* Release */,
			);
			defaultConfigurationIsVisible = 0;
			defaultConfigurationName = Release;
		};
		890EC378263B5D8400F67146 /* Build configuration list for PBXNativeTarget "Plains" */ = {
			isa = XCConfigurationList;
			buildConfigurations = (
				890EC379263B5D8400F67146 /* Debug */,
				890EC37A263B5D8400F67146 /* Release */,
			);
			defaultConfigurationIsVisible = 0;
			defaultConfigurationName = Release;
		};
		890EC37B263B5D8400F67146 /* Build configuration list for PBXNativeTarget "PlainsTests" */ = {
			isa = XCConfigurationList;
			buildConfigurations = (
				890EC37C263B5D8400F67146 /* Debug */,
				890EC37D263B5D8400F67146 /* Release */,
			);
			defaultConfigurationIsVisible = 0;
			defaultConfigurationName = Release;
		};
/* End XCConfigurationList section */
	};
	rootObject = 890EC35B263B5D8400F67146 /* Project object */;
}
